
Microsoft Visual Studio Solution File, Format Version 12.00
# Visual Studio Version 16
VisualStudioVersion = 16.0.30717.126
MinimumVisualStudioVersion = 10.0.40219.1
Project("{FAE04EC0-301F-11D3-BF4B-00C04F79EFBC}") = "CTRL", "CTRL\CTRL.csproj", "{8429E12B-A5E2-4A36-80D4-71908F617FDC}"
EndProject
Global
	GlobalSection(SolutionConfigurationPlatforms) = preSolution
		Debug|Any CPU = Debug|Any CPU
		Release|Any CPU = Release|Any CPU
	EndGlobalSection
	GlobalSection(ProjectConfigurationPlatforms) = postSolution
		{8429E12B-A5E2-4A36-80D4-71908F617FDC}.Debug|Any CPU.ActiveCfg = Debug|Any CPU
		{8429E12B-A5E2-4A36-80D4-71908F617FDC}.Debug|Any CPU.Build.0 = Debug|Any CPU
		{8429E12B-A5E2-4A36-80D4-71908F617FDC}.Release|Any CPU.ActiveCfg = Release|Any CPU
		{8429E12B-A5E2-4A36-80D4-71908F617FDC}.Release|Any CPU.Build.0 = Release|Any CPU
	EndGlobalSection
	GlobalSection(SolutionProperties) = preSolution
		HideSolutionNode = FALSE
	EndGlobalSection
	GlobalSection(ExtensibilityGlobals) = postSolution
		SolutionGuid = {D0543287-D062-464A-A0F9-25BA9D9D3CB5}
	EndGlobalSection
EndGlobal
